
Microsoft Visual Studio Solution File, Format Version 12.00
# Visual Studio Version 16
VisualStudioVersion = 16.0.30804.86
MinimumVisualStudioVersion = 10.0.40219.1
Project("{9A19103F-16F7-4668-BE54-9A1E7A4F7556}") = "WebApiJwtExample", "WebApiJwtExample.csproj", "{8B198749-7257-49A0-B867-79C47C413EDF}"
EndProject
Global
	GlobalSection(SolutionConfigurationPlatforms) = preSolution
		Debug|Any CPU = Debug|Any CPU
		Release|Any CPU = Release|Any CPU
	EndGlobalSection
	GlobalSection(ProjectConfigurationPlatforms) = postSolution
		{8B198749-7257-49A0-B867-79C47C413EDF}.Debug|Any CPU.ActiveCfg = Debug|Any CPU
		{8B198749-7257-49A0-B867-79C47C413EDF}.Debug|Any CPU.Build.0 = Debug|Any CPU
		{8B198749-7257-49A0-B867-79C47C413EDF}.Release|Any CPU.ActiveCfg = Release|Any CPU
		{8B198749-7257-49A0-B867-79C47C413EDF}.Release|Any CPU.Build.0 = Release|Any CPU
	EndGlobalSection
	GlobalSection(SolutionProperties) = preSolution
		HideSolutionNode = FALSE
	EndGlobalSection
	GlobalSection(ExtensibilityGlobals) = postSolution
		SolutionGuid = {644E08A2-61AC-49A8-9917-7FC0A57CE7EA}
	EndGlobalSection
EndGlobal
